
Microsoft Visual Studio Solution File, Format Version 12.00
# Visual Studio 2012
Project("{FAE04EC0-301F-11D3-BF4B-00C04F79EFBC}") = "Blossom.Examples.PushFiles", "Blossom.Examples.PushFiles\Blossom.Examples.PushFiles.csproj", "{07B73B7B-B9ED-4148-97A7-0535D9AD44FE}"
EndProject
Project("{FAE04EC0-301F-11D3-BF4B-00C04F79EFBC}") = "Blossom.Deployment", "Blossom.Deployment\Blossom.Deployment.csproj", "{5473145F-1ED7-477D-A9FE-8F938D5C55D1}"
EndProject
Project("{2150E333-8FDC-42A3-9474-1A3956D46DE8}") = ".nuget", ".nuget", "{9EED5CB1-30E2-4293-97D3-38C660283BB0}"
	ProjectSection(SolutionItems) = preProject
		.nuget\NuGet.Config = .nuget\NuGet.Config
		.nuget\NuGet.exe = .nuget\NuGet.exe
		.nuget\NuGet.targets = .nuget\NuGet.targets
	EndProjectSection
EndProject
Project("{FAE04EC0-301F-11D3-BF4B-00C04F79EFBC}") = "Renci.SshNet", "Renci.SshNet\Renci.SshNet.csproj", "{2F5F8C90-0BD1-424F-997C-7BC6280919D1}"
EndProject
Project("{2150E333-8FDC-42A3-9474-1A3956D46DE8}") = "Unit Tests", "Unit Tests", "{477DFD5C-3F16-4024-B4D3-6B7DCBBAA96F}"
EndProject
Project("{FAE04EC0-301F-11D3-BF4B-00C04F79EFBC}") = "OperationsUnitTest", "OperationUnitTest\OperationsUnitTest.csproj", "{17BC9C5B-4F06-4CAB-BC1A-28D94355A662}"
EndProject
Project("{FAE04EC0-301F-11D3-BF4B-00C04F79EFBC}") = "Blossom.Scripting", "Blossom.Scripting\Blossom.Scripting.csproj", "{F30D3483-3977-4ECD-BBE8-EB99C588964D}"
EndProject
Project("{FAE04EC0-301F-11D3-BF4B-00C04F79EFBC}") = "DeploymentUnitTest", "DeploymentUnitTest\DeploymentUnitTest.csproj", "{451635AB-53F1-4DE7-9A9B-D3287FAD0B3F}"
EndProject
Project("{2150E333-8FDC-42A3-9474-1A3956D46DE8}") = "Examples", "Examples", "{62A17F76-DD0B-46BF-9B43-6BEDC8F89F21}"
EndProject
Project("{FAE04EC0-301F-11D3-BF4B-00C04F79EFBC}") = "Blossom.Examples.Compression", "Blossom.Examples.Compression\Blossom.Examples.Compression.csproj", "{AC42D67F-2040-4C1B-9BA3-8E467AAFBF1D}"
EndProject
Global
	GlobalSection(SolutionConfigurationPlatforms) = preSolution
		Debug|Any CPU = Debug|Any CPU
		Release|Any CPU = Release|Any CPU
	EndGlobalSection
	GlobalSection(ProjectConfigurationPlatforms) = postSolution
		{07B73B7B-B9ED-4148-97A7-0535D9AD44FE}.Debug|Any CPU.ActiveCfg = Debug|Any CPU
		{07B73B7B-B9ED-4148-97A7-0535D9AD44FE}.Debug|Any CPU.Build.0 = Debug|Any CPU
		{07B73B7B-B9ED-4148-97A7-0535D9AD44FE}.Release|Any CPU.ActiveCfg = Release|Any CPU
		{07B73B7B-B9ED-4148-97A7-0535D9AD44FE}.Release|Any CPU.Build.0 = Release|Any CPU
		{5473145F-1ED7-477D-A9FE-8F938D5C55D1}.Debug|Any CPU.ActiveCfg = Debug|Any CPU
		{5473145F-1ED7-477D-A9FE-8F938D5C55D1}.Debug|Any CPU.Build.0 = Debug|Any CPU
		{5473145F-1ED7-477D-A9FE-8F938D5C55D1}.Release|Any CPU.ActiveCfg = Release|Any CPU
		{5473145F-1ED7-477D-A9FE-8F938D5C55D1}.Release|Any CPU.Build.0 = Release|Any CPU
		{2F5F8C90-0BD1-424F-997C-7BC6280919D1}.Debug|Any CPU.ActiveCfg = Debug|Any CPU
		{2F5F8C90-0BD1-424F-997C-7BC6280919D1}.Debug|Any CPU.Build.0 = Debug|Any CPU
		{2F5F8C90-0BD1-424F-997C-7BC6280919D1}.Release|Any CPU.ActiveCfg = Release|Any CPU
		{2F5F8C90-0BD1-424F-997C-7BC6280919D1}.Release|Any CPU.Build.0 = Release|Any CPU
		{17BC9C5B-4F06-4CAB-BC1A-28D94355A662}.Debug|Any CPU.ActiveCfg = Debug|Any CPU
		{17BC9C5B-4F06-4CAB-BC1A-28D94355A662}.Debug|Any CPU.Build.0 = Debug|Any CPU
		{17BC9C5B-4F06-4CAB-BC1A-28D94355A662}.Release|Any CPU.ActiveCfg = Release|Any CPU
		{17BC9C5B-4F06-4CAB-BC1A-28D94355A662}.Release|Any CPU.Build.0 = Release|Any CPU
		{F30D3483-3977-4ECD-BBE8-EB99C588964D}.Debug|Any CPU.ActiveCfg = Debug|Any CPU
		{F30D3483-3977-4ECD-BBE8-EB99C588964D}.Debug|Any CPU.Build.0 = Debug|Any CPU
		{F30D3483-3977-4ECD-BBE8-EB99C588964D}.Release|Any CPU.ActiveCfg = Release|Any CPU
		{F30D3483-3977-4ECD-BBE8-EB99C588964D}.Release|Any CPU.Build.0 = Release|Any CPU
		{451635AB-53F1-4DE7-9A9B-D3287FAD0B3F}.Debug|Any CPU.ActiveCfg = Debug|Any CPU
		{451635AB-53F1-4DE7-9A9B-D3287FAD0B3F}.Debug|Any CPU.Build.0 = Debug|Any CPU
		{451635AB-53F1-4DE7-9A9B-D3287FAD0B3F}.Release|Any CPU.ActiveCfg = Release|Any CPU
		{451635AB-53F1-4DE7-9A9B-D3287FAD0B3F}.Release|Any CPU.Build.0 = Release|Any CPU
		{AC42D67F-2040-4C1B-9BA3-8E467AAFBF1D}.Debug|Any CPU.ActiveCfg = Debug|Any CPU
		{AC42D67F-2040-4C1B-9BA3-8E467AAFBF1D}.Debug|Any CPU.Build.0 = Debug|Any CPU
		{AC42D67F-2040-4C1B-9BA3-8E467AAFBF1D}.Release|Any CPU.ActiveCfg = Release|Any CPU
		{AC42D67F-2040-4C1B-9BA3-8E467AAFBF1D}.Release|Any CPU.Build.0 = Release|Any CPU
	EndGlobalSection
	GlobalSection(SolutionProperties) = preSolution
		HideSolutionNode = FALSE
	EndGlobalSection
	GlobalSection(NestedProjects) = preSolution
		{07B73B7B-B9ED-4148-97A7-0535D9AD44FE} = {62A17F76-DD0B-46BF-9B43-6BEDC8F89F21}
		{AC42D67F-2040-4C1B-9BA3-8E467AAFBF1D} = {62A17F76-DD0B-46BF-9B43-6BEDC8F89F21}
		{17BC9C5B-4F06-4CAB-BC1A-28D94355A662} = {477DFD5C-3F16-4024-B4D3-6B7DCBBAA96F}
		{451635AB-53F1-4DE7-9A9B-D3287FAD0B3F} = {477DFD5C-3F16-4024-B4D3-6B7DCBBAA96F}
	EndGlobalSection
EndGlobal
